
Microsoft Visual Studio Solution File, Format Version 12.00
# Visual Studio 15
VisualStudioVersion = 15.0.27703.2000
MinimumVisualStudioVersion = 10.0.40219.1
Project("{FAE04EC0-301F-11D3-BF4B-00C04F79EFBC}") = "TTSTest", "TTSTest.csproj", "{06F53698-0A5B-426C-BB72-E9D4E13DC9E4}"
EndProject
Global
	GlobalSection(SolutionConfigurationPlatforms) = preSolution
		Debug|Any CPU = Debug|Any CPU
		Release|Any CPU = Release|Any CPU
	EndGlobalSection
	GlobalSection(ProjectConfigurationPlatforms) = postSolution
		{06F53698-0A5B-426C-BB72-E9D4E13DC9E4}.Debug|Any CPU.ActiveCfg = Debug|Any CPU
		{06F53698-0A5B-426C-BB72-E9D4E13DC9E4}.Debug|Any CPU.Build.0 = Debug|Any CPU
		{06F53698-0A5B-426C-BB72-E9D4E13DC9E4}.Release|Any CPU.ActiveCfg = Release|Any CPU
		{06F53698-0A5B-426C-BB72-E9D4E13DC9E4}.Release|Any CPU.Build.0 = Release|Any CPU
	EndGlobalSection
	GlobalSection(SolutionProperties) = preSolution
		HideSolutionNode = FALSE
	EndGlobalSection
	GlobalSection(ExtensibilityGlobals) = postSolution
		SolutionGuid = {80F04F56-CA89-456F-B2D1-64ABBD82EA52}
	EndGlobalSection
EndGlobal
